<?xml version="1.0" encoding="utf-8"?>
<Project ToolsVersion="4.0" xmlns="http://schemas.microsoft.com/developer/msbuild/2003">
  <ItemGroup>
    <Filter Include="Source Files">
      <UniqueIdentifier>{4FC737F1-C7A5-4376-A066-2A32D752A2FF}</UniqueIdentifier>
      <Extensions>cpp;c;cc;cxx;def;odl;idl;hpj;bat;asm;asmx</Extensions>
    </Filter>
    <Filter Include="Resource Files">
      <UniqueIdentifier>{67DA6AB6-F800-4c08-8B7A-83BB121AAD01}</UniqueIdentifier>
      <Extensions>rc;ico;cur;bmp;dlg;rc2;rct;bin;rgs;gif;jpg;jpeg;jpe;resx;tiff;tif;png;wav</Extensions>
    </Filter>
    <Filter Include="Source Files\Renderer">
      <UniqueIdentifier>{375cb722-8c5c-4e48-8eae-6462c653d952}</UniqueIdentifier>
    </Filter>
    <Filter Include="Source Files\Base">
      <UniqueIdentifier>{949d2920-1bff-42b4-a76c-bd0b95aa6652}</UniqueIdentifier>
    </Filter>
    <Filter Include="Source Files\Base\Container">
      <UniqueIdentifier>{c5ba8849-3b12-47a3-ba65-0c785e726c1b}</UniqueIdentifier>
    </Filter>
    <Filter Include="Source Files\Game">
      <UniqueIdentifier>{6a4a3deb-b5a1-4f27-b773-41b7491564fc}</UniqueIdentifier>
    </Filter>
    <Filter Include="Resource Files\shaders">
      <UniqueIdentifier>{3a603afa-adfd-41f3-9f28-adaed72575d8}</UniqueIdentifier>
    </Filter>
    <Filter Include="Source Files\GUI">
      <UniqueIdentifier>{34e5d840-8041-4ca4-987d-67adafc92ed5}</UniqueIdentifier>
    </Filter>
    <Filter Include="Source Files\Base\Math">
      <UniqueIdentifier>{4b1ad925-95a2-4e28-9891-c8ae81b5f9b8}</UniqueIdentifier>
    </Filter>
  </ItemGroup>
  <ItemGroup>
    <ClCompile Include="src\main.cpp">
      <Filter>Source Files</Filter>
    </ClCompile>
    <ClCompile Include="src\Base\Timer.cpp">
      <Filter>Source Files\Base</Filter>
    </ClCompile>
    <ClCompile Include="src\Base\Debug.cpp">
      <Filter>Source Files\Base</Filter>
    </ClCompile>
    <ClCompile Include="src\Renderer\Model_obj.cpp">
      <Filter>Source Files\Renderer</Filter>
    </ClCompile>
    <ClCompile Include="src\Renderer\Model.cpp">
      <Filter>Source Files\Renderer</Filter>
    </ClCompile>
    <ClCompile Include="src\Game\GameApp.cpp">
      <Filter>Source Files\Game</Filter>
    </ClCompile>
    <ClCompile Include="src\Game\Camera.cpp">
      <Filter>Source Files\Game</Filter>
    </ClCompile>
    <ClCompile Include="src\renderer\RenderDeviceOpenGL.cpp">
      <Filter>Source Files\Renderer</Filter>
    </ClCompile>
    <ClCompile Include="src\Renderer\Texture.cpp">
      <Filter>Source Files\Renderer</Filter>
    </ClCompile>
    <ClCompile Include="src\Precompiled.cpp">
      <Filter>Source Files</Filter>
    </ClCompile>
    <ClCompile Include="src\Base\File.cpp">
      <Filter>Source Files\Base</Filter>
    </ClCompile>
    <ClCompile Include="src\Renderer\RenderDevice.cpp">
      <Filter>Source Files\Renderer</Filter>
    </ClCompile>
    <ClCompile Include="src\Game\SkyBox.cpp">
      <Filter>Source Files\Game</Filter>
    </ClCompile>
    <ClCompile Include="src\GUI\imgui.cpp">
      <Filter>Source Files\GUI</Filter>
    </ClCompile>
    <ClCompile Include="src\GUI\imgui_draw.cpp">
      <Filter>Source Files\GUI</Filter>
    </ClCompile>
    <ClCompile Include="src\Base\ParallelJobQueue.cpp">
      <Filter>Source Files\Base</Filter>
    </ClCompile>
    <ClCompile Include="src\Base\Sys_Win32.cpp">
      <Filter>Source Files\Base</Filter>
    </ClCompile>
    <ClCompile Include="src\Game\Entry.cpp">
      <Filter>Source Files\Game</Filter>
    </ClCompile>
    <ClCompile Include="src\Renderer\CommandBuffer.cpp">
      <Filter>Source Files\Renderer</Filter>
    </ClCompile>
    <ClCompile Include="src\Renderer\Backend.cpp">
      <Filter>Source Files\Renderer</Filter>
    </ClCompile>
  </ItemGroup>
  <ItemGroup>
    <ClInclude Include="src\Base\Container\TempArray.h">
      <Filter>Source Files\Base\Container</Filter>
    </ClInclude>
    <ClInclude Include="src\Base\Container\LinkedList.h">
      <Filter>Source Files\Base\Container</Filter>
    </ClInclude>
    <ClInclude Include="src\Base\Debug.h">
      <Filter>Source Files\Base</Filter>
    </ClInclude>
    <ClInclude Include="src\Base\MurmurHash.h">
      <Filter>Source Files\Base</Filter>
    </ClInclude>
    <ClInclude Include="src\Base\Timer.h">
      <Filter>Source Files\Base</Filter>
    </ClInclude>
    <ClInclude Include="src\renderer\RenderDevice.h">
      <Filter>Source Files\Renderer</Filter>
    </ClInclude>
    <ClInclude Include="src\renderer\stb_image.h">
      <Filter>Source Files\Renderer</Filter>
    </ClInclude>
    <ClInclude Include="src\Renderer\Model.h">
      <Filter>Source Files\Renderer</Filter>
    </ClInclude>
    <ClInclude Include="src\Game\GameApp.h">
      <Filter>Source Files\Game</Filter>
    </ClInclude>
    <ClInclude Include="src\Game\Camera.h">
      <Filter>Source Files\Game</Filter>
    </ClInclude>
    <ClInclude Include="src\Base\Container\InsertionOrderedMap.h">
      <Filter>Source Files\Base\Container</Filter>
    </ClInclude>
    <ClInclude Include="src\Renderer\RenderDeviceOpenGL.h">
      <Filter>Source Files\Renderer</Filter>
    </ClInclude>
    <ClInclude Include="src\Renderer\Texture.h">
      <Filter>Source Files\Renderer</Filter>
    </ClInclude>
    <ClInclude Include="src\Precompiled.h">
      <Filter>Source Files</Filter>
    </ClInclude>
    <ClInclude Include="src\Base\File.h">
      <Filter>Source Files\Base</Filter>
    </ClInclude>
    <ClInclude Include="src\Renderer\Model_obj.h">
      <Filter>Source Files\Renderer</Filter>
    </ClInclude>
    <ClInclude Include="src\Game\SkyBox.h">
      <Filter>Source Files\Game</Filter>
    </ClInclude>
    <ClInclude Include="src\GUI\imgui_internal.h">
      <Filter>Source Files\GUI</Filter>
    </ClInclude>
    <ClInclude Include="src\GUI\stb_rect_pack.h">
      <Filter>Source Files\GUI</Filter>
    </ClInclude>
    <ClInclude Include="src\GUI\stb_textedit.h">
      <Filter>Source Files\GUI</Filter>
    </ClInclude>
    <ClInclude Include="src\GUI\stb_truetype.h">
      <Filter>Source Files\GUI</Filter>
    </ClInclude>
    <ClInclude Include="src\GUI\imconfig.h">
      <Filter>Source Files\GUI</Filter>
    </ClInclude>
    <ClInclude Include="src\GUI\imgui.h">
      <Filter>Source Files\GUI</Filter>
    </ClInclude>
    <ClInclude Include="src\Renderer\Definitions.h">
      <Filter>Source Files\Renderer</Filter>
    </ClInclude>
    <ClInclude Include="src\Base\Memory.h">
      <Filter>Source Files\Base</Filter>
    </ClInclude>
    <ClInclude Include="src\Base\Math\Vector.h">
      <Filter>Source Files\Base\Math</Filter>
    </ClInclude>
    <ClInclude Include="src\Base\ParallelJobQueue.h">
      <Filter>Source Files\Base</Filter>
    </ClInclude>
    <ClInclude Include="src\Base\Sys.h">
      <Filter>Source Files\Base</Filter>
    </ClInclude>
    <ClInclude Include="src\Base\Algorithm.h">
      <Filter>Source Files\Base</Filter>
    </ClInclude>
    <ClInclude Include="src\Game\Entry.h">
      <Filter>Source Files\Game</Filter>
    </ClInclude>
    <ClInclude Include="src\Renderer\Backend.h">
      <Filter>Source Files\Renderer</Filter>
    </ClInclude>
    <ClInclude Include="src\Renderer\CommandBuffer.h">
      <Filter>Source Files\Renderer</Filter>
    </ClInclude>
  </ItemGroup>
  <ItemGroup>
    <None Include="assets\shaders\cook-torrance.frag">
      <Filter>Resource Files\shaders</Filter>
    </None>
    <None Include="assets\shaders\blinn-phong.frag">
      <Filter>Resource Files\shaders</Filter>
    </None>
    <None Include="assets\shaders\blinn-phong.vert">
      <Filter>Resource Files\shaders</Filter>
    </None>
    <None Include="assets\shaders\skybox.frag">
      <Filter>Resource Files\shaders</Filter>
    </None>
    <None Include="assets\shaders\skybox.vert">
      <Filter>Resource Files\shaders</Filter>
    </None>
    <None Include="assets\shaders\debug-normals.frag">
      <Filter>Resource Files\shaders</Filter>
    </None>
    <None Include="assets\shaders\debug-normals.geom">
      <Filter>Resource Files\shaders</Filter>
    </None>
    <None Include="assets\shaders\debug-normals.vert">
      <Filter>Resource Files\shaders</Filter>
    </None>
    <None Include="assets\shaders\blinn-phong-bump.frag">
      <Filter>Resource Files\shaders</Filter>
    </None>
    <None Include="assets\shaders\blinn-phong-bump.vert">
      <Filter>Resource Files\shaders</Filter>
    </None>
    <None Include="assets\shaders\cook-torrance.vert">
      <Filter>Resource Files\shaders</Filter>
    </None>
  </ItemGroup>
</Project>